
Microsoft Visual Studio Solution File, Format Version 12.00
# Visual Studio Version 16
VisualStudioVersion = 16.0.32106.194
MinimumVisualStudioVersion = 10.0.40219.1
Project("{FAE04EC0-301F-11D3-BF4B-00C04F79EFBC}") = "DataStructure", "DataStructure\DataStructure.csproj", "{68487F35-439B-40E5-9222-AE7F0067D5B9}"
EndProject
Global
	GlobalSection(SolutionConfigurationPlatforms) = preSolution
		Debug|Any CPU = Debug|Any CPU
		Release|Any CPU = Release|Any CPU
	EndGlobalSection
	GlobalSection(ProjectConfigurationPlatforms) = postSolution
		{68487F35-439B-40E5-9222-AE7F0067D5B9}.Debug|Any CPU.ActiveCfg = Debug|Any CPU
		{68487F35-439B-40E5-9222-AE7F0067D5B9}.Debug|Any CPU.Build.0 = Debug|Any CPU
		{68487F35-439B-40E5-9222-AE7F0067D5B9}.Release|Any CPU.ActiveCfg = Release|Any CPU
		{68487F35-439B-40E5-9222-AE7F0067D5B9}.Release|Any CPU.Build.0 = Release|Any CPU
	EndGlobalSection
	GlobalSection(SolutionProperties) = preSolution
		HideSolutionNode = FALSE
	EndGlobalSection
	GlobalSection(ExtensibilityGlobals) = postSolution
		SolutionGuid = {A74674E2-FE95-4533-9CED-7A72BC2C96ED}
	EndGlobalSection
EndGlobal
